<?xml version="1.0" encoding="utf-8"?>
<Project ToolsVersion="4.0" xmlns="http://schemas.microsoft.com/developer/msbuild/2003">
  <ItemGroup>
    <Filter Include="Source Files">
      <UniqueIdentifier>{4FC737F1-C7A5-4376-A066-2A32D752A2FF}</UniqueIdentifier>
      <Extensions>cpp;c;cc;cxx;def;odl;idl;hpj;bat;asm;asmx</Extensions>
    </Filter>
    <Filter Include="Header Files">
      <UniqueIdentifier>{93995380-89BD-4b04-88EB-625FBE52EBFB}</UniqueIdentifier>
      <Extensions>h;hpp;hxx;hm;inl;inc;xsd</Extensions>
    </Filter>
    <Filter Include="Resource Files">
      <UniqueIdentifier>{67DA6AB6-F800-4c08-8B7A-83BB121AAD01}</UniqueIdentifier>
      <Extensions>rc;ico;cur;bmp;dlg;rc2;rct;bin;rgs;gif;jpg;jpeg;jpe;resx;tiff;tif;png;wav</Extensions>
    </Filter>
    <Filter Include="TinyXML">
      <UniqueIdentifier>{8d32b25e-9acf-445f-a367-b10537a0602b}</UniqueIdentifier>
    </Filter>
  </ItemGroup>
  <ItemGroup>
    <ClCompile Include="source\OgrePhysXCooker.cpp">
      <Filter>Source Files</Filter>
    </ClCompile>
    <ClCompile Include="source\OgrePhysXNodeRenderable.cpp">
      <Filter>Source Files</Filter>
    </ClCompile>
    <ClCompile Include="source\OgrePhysXRagdoll.cpp">
      <Filter>Source Files</Filter>
    </ClCompile>
    <ClCompile Include="source\OgrePhysXScene.cpp">
      <Filter>Source Files</Filter>
    </ClCompile>
    <ClCompile Include="source\OgrePhysXStreams.cpp">
      <Filter>Source Files</Filter>
    </ClCompile>
    <ClCompile Include="source\OgrePhysXWorld.cpp">
      <Filter>Source Files</Filter>
    </ClCompile>
    <ClCompile Include="source\OgrePhysXRenderedActorBinding.cpp">
      <Filter>Source Files</Filter>
    </ClCompile>
    <ClCompile Include="Source\OgrePhysXDestructible.cpp">
      <Filter>Source Files</Filter>
    </ClCompile>
    <ClCompile Include="TinyXML\tinyxmlerror.cpp">
      <Filter>TinyXML</Filter>
    </ClCompile>
    <ClCompile Include="TinyXML\tinyxml.cpp">
      <Filter>TinyXML</Filter>
    </ClCompile>
    <ClCompile Include="TinyXML\tinyxmlparser.cpp">
      <Filter>TinyXML</Filter>
    </ClCompile>
  </ItemGroup>
  <ItemGroup>
    <ClInclude Include="include\OgrePhysX.h">
      <Filter>Header Files</Filter>
    </ClInclude>
    <ClInclude Include="include\OgrePhysXClasses.h">
      <Filter>Header Files</Filter>
    </ClInclude>
    <ClInclude Include="include\OgrePhysXConvert.h">
      <Filter>Header Files</Filter>
    </ClInclude>
    <ClInclude Include="include\OgrePhysXCooker.h">
      <Filter>Header Files</Filter>
    </ClInclude>
    <ClInclude Include="include\OgrePhysXLogOutputStream.h">
      <Filter>Header Files</Filter>
    </ClInclude>
    <ClInclude Include="include\OgrePhysXNodeRenderable.h">
      <Filter>Header Files</Filter>
    </ClInclude>
    <ClInclude Include="include\OgrePhysXPointRenderable.h">
      <Filter>Header Files</Filter>
    </ClInclude>
    <ClInclude Include="include\OgrePhysXRagdoll.h">
      <Filter>Header Files</Filter>
    </ClInclude>
    <ClInclude Include="include\OgrePhysXRenderableBinding.h">
      <Filter>Header Files</Filter>
    </ClInclude>
    <ClInclude Include="include\OgrePhysXScene.h">
      <Filter>Header Files</Filter>
    </ClInclude>
    <ClInclude Include="include\OgrePhysXStreams.h">
      <Filter>Header Files</Filter>
    </ClInclude>
    <ClInclude Include="include\OgrePhysXWorld.h">
      <Filter>Header Files</Filter>
    </ClInclude>
    <ClInclude Include="include\OgrePhysXActor.h">
      <Filter>Header Files</Filter>
    </ClInclude>
    <ClInclude Include="include\OgrePhysXGeometry.h">
      <Filter>Header Files</Filter>
    </ClInclude>
    <ClInclude Include="include\OgrePhysXRenderedActorBinding.h">
      <Filter>Header Files</Filter>
    </ClInclude>
    <ClInclude Include="include\OgrePhysXDestructible.h">
      <Filter>Header Files</Filter>
    </ClInclude>
    <ClInclude Include="TinyXML\tinyxml.h">
      <Filter>TinyXML</Filter>
    </ClInclude>
  </ItemGroup>
</Project>