
Microsoft Visual Studio Solution File, Format Version 10.00
# Visual C++ Express 2008
Project("{8BC9CEB8-8B4A-11D0-8D11-00A0C91BC942}") = "Esgaroth Engine", "EsgarothEngine.vcproj", "{C20C5958-3E38-47C9-A028-83D7C2A939B5}"
EndProject
Global
	GlobalSection(SolutionConfigurationPlatforms) = preSolution
		Debug|Win32 = Debug|Win32
		Release|Win32 = Release|Win32
	EndGlobalSection
	GlobalSection(ProjectConfigurationPlatforms) = postSolution
		{C20C5958-3E38-47C9-A028-83D7C2A939B5}.Debug|Win32.ActiveCfg = Debug|Win32
		{C20C5958-3E38-47C9-A028-83D7C2A939B5}.Debug|Win32.Build.0 = Debug|Win32
		{C20C5958-3E38-47C9-A028-83D7C2A939B5}.Release|Win32.ActiveCfg = Release|Win32
		{C20C5958-3E38-47C9-A028-83D7C2A939B5}.Release|Win32.Build.0 = Release|Win32
	EndGlobalSection
	GlobalSection(SolutionProperties) = preSolution
		HideSolutionNode = FALSE
	EndGlobalSection
EndGlobal
