
Microsoft Visual Studio Solution File, Format Version 10.00
# Visual C++ Express 2008
Project("{8BC9CEB8-8B4A-11D0-8D11-00A0C91BC942}") = "Esgaroth Test Game", "Game.vcproj", "{99006E22-5259-4818-896B-B66CE367A9F2}"
EndProject
Global
	GlobalSection(SolutionConfigurationPlatforms) = preSolution
		Debug|Win32 = Debug|Win32
		Release|Win32 = Release|Win32
	EndGlobalSection
	GlobalSection(ProjectConfigurationPlatforms) = postSolution
		{99006E22-5259-4818-896B-B66CE367A9F2}.Debug|Win32.ActiveCfg = Debug|Win32
		{99006E22-5259-4818-896B-B66CE367A9F2}.Debug|Win32.Build.0 = Debug|Win32
		{99006E22-5259-4818-896B-B66CE367A9F2}.Release|Win32.ActiveCfg = Release|Win32
		{99006E22-5259-4818-896B-B66CE367A9F2}.Release|Win32.Build.0 = Release|Win32
	EndGlobalSection
	GlobalSection(SolutionProperties) = preSolution
		HideSolutionNode = FALSE
	EndGlobalSection
EndGlobal
