
Microsoft Visual Studio Solution File, Format Version 10.00
# Visual C++ Express 2008
Project("{8BC9CEB8-8B4A-11D0-8D11-00A0C91BC942}") = "script2", "script2.vcproj", "{F32CA12D-4134-485B-BE84-117CF1A6E28E}"
EndProject
Global
	GlobalSection(SolutionConfigurationPlatforms) = preSolution
		Debug|Win32 = Debug|Win32
		Release|Win32 = Release|Win32
	EndGlobalSection
	GlobalSection(ProjectConfigurationPlatforms) = postSolution
		{F32CA12D-4134-485B-BE84-117CF1A6E28E}.Debug|Win32.ActiveCfg = Debug|Win32
		{F32CA12D-4134-485B-BE84-117CF1A6E28E}.Debug|Win32.Build.0 = Debug|Win32
		{F32CA12D-4134-485B-BE84-117CF1A6E28E}.Release|Win32.ActiveCfg = Release|Win32
		{F32CA12D-4134-485B-BE84-117CF1A6E28E}.Release|Win32.Build.0 = Release|Win32
	EndGlobalSection
	GlobalSection(SolutionProperties) = preSolution
		HideSolutionNode = FALSE
	EndGlobalSection
EndGlobal
